
Microsoft Visual Studio Solution File, Format Version 12.00
# Visual Studio Version 17
VisualStudioVersion = 17.0.31919.166
MinimumVisualStudioVersion = 10.0.40219.1
Project("{FAE04EC0-301F-11D3-BF4B-00C04F79EFBC}") = "Currency_GuessMyNumber.UWP", "Currency_GuessMyNumber\Currency_GuessMyNumber.UWP\Currency_GuessMyNumber.UWP.csproj", "{C35C6925-2BE1-4B0F-8FD7-9BE4341E6BC0}"
EndProject
Project("{FAE04EC0-301F-11D3-BF4B-00C04F79EFBC}") = "Currency_GuessMyNumber.Android", "Currency_GuessMyNumber\Currency_GuessMyNumber.Android\Currency_GuessMyNumber.Android.csproj", "{C85D1AB4-9A88-46BC-BC23-11D8D5F54140}"
EndProject
Project("{FAE04EC0-301F-11D3-BF4B-00C04F79EFBC}") = "Currency_GuessMyNumber.iOS", "Currency_GuessMyNumber\Currency_GuessMyNumber.iOS\Currency_GuessMyNumber.iOS.csproj", "{1E05C750-34F7-46A1-BCEF-BDB90954BCEC}"
EndProject
Project("{FAE04EC0-301F-11D3-BF4B-00C04F79EFBC}") = "Currency_GuessMyNumber", "Currency_GuessMyNumber\Currency_GuessMyNumber\Currency_GuessMyNumber.csproj", "{B9582E8A-09D9-4256-9FCA-3329B36A27B9}"
EndProject
Global
	GlobalSection(SolutionConfigurationPlatforms) = preSolution
		Debug|Any CPU = Debug|Any CPU
		Debug|ARM = Debug|ARM
		Debug|iPhone = Debug|iPhone
		Debug|iPhoneSimulator = Debug|iPhoneSimulator
		Debug|x64 = Debug|x64
		Debug|x86 = Debug|x86
		Release|Any CPU = Release|Any CPU
		Release|ARM = Release|ARM
		Release|iPhone = Release|iPhone
		Release|iPhoneSimulator = Release|iPhoneSimulator
		Release|x64 = Release|x64
		Release|x86 = Release|x86
	EndGlobalSection
	GlobalSection(ProjectConfigurationPlatforms) = postSolution
		{C35C6925-2BE1-4B0F-8FD7-9BE4341E6BC0}.Debug|Any CPU.ActiveCfg = Debug|x64
		{C35C6925-2BE1-4B0F-8FD7-9BE4341E6BC0}.Debug|ARM.ActiveCfg = Debug|ARM
		{C35C6925-2BE1-4B0F-8FD7-9BE4341E6BC0}.Debug|ARM.Build.0 = Debug|ARM
		{C35C6925-2BE1-4B0F-8FD7-9BE4341E6BC0}.Debug|ARM.Deploy.0 = Debug|ARM
		{C35C6925-2BE1-4B0F-8FD7-9BE4341E6BC0}.Debug|iPhone.ActiveCfg = Debug|x64
		{C35C6925-2BE1-4B0F-8FD7-9BE4341E6BC0}.Debug|iPhoneSimulator.ActiveCfg = Debug|x64
		{C35C6925-2BE1-4B0F-8FD7-9BE4341E6BC0}.Debug|x64.ActiveCfg = Debug|x64
		{C35C6925-2BE1-4B0F-8FD7-9BE4341E6BC0}.Debug|x64.Build.0 = Debug|x64
		{C35C6925-2BE1-4B0F-8FD7-9BE4341E6BC0}.Debug|x64.Deploy.0 = Debug|x64
		{C35C6925-2BE1-4B0F-8FD7-9BE4341E6BC0}.Debug|x86.ActiveCfg = Debug|x86
		{C35C6925-2BE1-4B0F-8FD7-9BE4341E6BC0}.Debug|x86.Build.0 = Debug|x86
		{C35C6925-2BE1-4B0F-8FD7-9BE4341E6BC0}.Debug|x86.Deploy.0 = Debug|x86
		{C35C6925-2BE1-4B0F-8FD7-9BE4341E6BC0}.Release|Any CPU.ActiveCfg = Release|x64
		{C35C6925-2BE1-4B0F-8FD7-9BE4341E6BC0}.Release|ARM.ActiveCfg = Release|ARM
		{C35C6925-2BE1-4B0F-8FD7-9BE4341E6BC0}.Release|ARM.Build.0 = Release|ARM
		{C35C6925-2BE1-4B0F-8FD7-9BE4341E6BC0}.Release|ARM.Deploy.0 = Release|ARM
		{C35C6925-2BE1-4B0F-8FD7-9BE4341E6BC0}.Release|iPhone.ActiveCfg = Release|x64
		{C35C6925-2BE1-4B0F-8FD7-9BE4341E6BC0}.Release|iPhoneSimulator.ActiveCfg = Release|x64
		{C35C6925-2BE1-4B0F-8FD7-9BE4341E6BC0}.Release|x64.ActiveCfg = Release|x64
		{C35C6925-2BE1-4B0F-8FD7-9BE4341E6BC0}.Release|x64.Build.0 = Release|x64
		{C35C6925-2BE1-4B0F-8FD7-9BE4341E6BC0}.Release|x64.Deploy.0 = Release|x64
		{C35C6925-2BE1-4B0F-8FD7-9BE4341E6BC0}.Release|x86.ActiveCfg = Release|x86
		{C35C6925-2BE1-4B0F-8FD7-9BE4341E6BC0}.Release|x86.Build.0 = Release|x86
		{C35C6925-2BE1-4B0F-8FD7-9BE4341E6BC0}.Release|x86.Deploy.0 = Release|x86
		{C85D1AB4-9A88-46BC-BC23-11D8D5F54140}.Debug|Any CPU.ActiveCfg = Debug|Any CPU
		{C85D1AB4-9A88-46BC-BC23-11D8D5F54140}.Debug|Any CPU.Build.0 = Debug|Any CPU
		{C85D1AB4-9A88-46BC-BC23-11D8D5F54140}.Debug|Any CPU.Deploy.0 = Debug|Any CPU
		{C85D1AB4-9A88-46BC-BC23-11D8D5F54140}.Debug|ARM.ActiveCfg = Debug|Any CPU
		{C85D1AB4-9A88-46BC-BC23-11D8D5F54140}.Debug|ARM.Build.0 = Debug|Any CPU
		{C85D1AB4-9A88-46BC-BC23-11D8D5F54140}.Debug|ARM.Deploy.0 = Debug|Any CPU
		{C85D1AB4-9A88-46BC-BC23-11D8D5F54140}.Debug|iPhone.ActiveCfg = Debug|Any CPU
		{C85D1AB4-9A88-46BC-BC23-11D8D5F54140}.Debug|iPhone.Build.0 = Debug|Any CPU
		{C85D1AB4-9A88-46BC-BC23-11D8D5F54140}.Debug|iPhone.Deploy.0 = Debug|Any CPU
		{C85D1AB4-9A88-46BC-BC23-11D8D5F54140}.Debug|iPhoneSimulator.ActiveCfg = Debug|Any CPU
		{C85D1AB4-9A88-46BC-BC23-11D8D5F54140}.Debug|iPhoneSimulator.Build.0 = Debug|Any CPU
		{C85D1AB4-9A88-46BC-BC23-11D8D5F54140}.Debug|iPhoneSimulator.Deploy.0 = Debug|Any CPU
		{C85D1AB4-9A88-46BC-BC23-11D8D5F54140}.Debug|x64.ActiveCfg = Debug|Any CPU
		{C85D1AB4-9A88-46BC-BC23-11D8D5F54140}.Debug|x64.Build.0 = Debug|Any CPU
		{C85D1AB4-9A88-46BC-BC23-11D8D5F54140}.Debug|x64.Deploy.0 = Debug|Any CPU
		{C85D1AB4-9A88-46BC-BC23-11D8D5F54140}.Debug|x86.ActiveCfg = Debug|Any CPU
		{C85D1AB4-9A88-46BC-BC23-11D8D5F54140}.Debug|x86.Build.0 = Debug|Any CPU
		{C85D1AB4-9A88-46BC-BC23-11D8D5F54140}.Debug|x86.Deploy.0 = Debug|Any CPU
		{C85D1AB4-9A88-46BC-BC23-11D8D5F54140}.Release|Any CPU.ActiveCfg = Release|Any CPU
		{C85D1AB4-9A88-46BC-BC23-11D8D5F54140}.Release|Any CPU.Build.0 = Release|Any CPU
		{C85D1AB4-9A88-46BC-BC23-11D8D5F54140}.Release|Any CPU.Deploy.0 = Release|Any CPU
		{C85D1AB4-9A88-46BC-BC23-11D8D5F54140}.Release|ARM.ActiveCfg = Release|Any CPU
		{C85D1AB4-9A88-46BC-BC23-11D8D5F54140}.Release|ARM.Build.0 = Release|Any CPU
		{C85D1AB4-9A88-46BC-BC23-11D8D5F54140}.Release|ARM.Deploy.0 = Release|Any CPU
		{C85D1AB4-9A88-46BC-BC23-11D8D5F54140}.Release|iPhone.ActiveCfg = Release|Any CPU
		{C85D1AB4-9A88-46BC-BC23-11D8D5F54140}.Release|iPhone.Build.0 = Release|Any CPU
		{C85D1AB4-9A88-46BC-BC23-11D8D5F54140}.Release|iPhone.Deploy.0 = Release|Any CPU
		{C85D1AB4-9A88-46BC-BC23-11D8D5F54140}.Release|iPhoneSimulator.ActiveCfg = Release|Any CPU
		{C85D1AB4-9A88-46BC-BC23-11D8D5F54140}.Release|iPhoneSimulator.Build.0 = Release|Any CPU
		{C85D1AB4-9A88-46BC-BC23-11D8D5F54140}.Release|iPhoneSimulator.Deploy.0 = Release|Any CPU
		{C85D1AB4-9A88-46BC-BC23-11D8D5F54140}.Release|x64.ActiveCfg = Release|Any CPU
		{C85D1AB4-9A88-46BC-BC23-11D8D5F54140}.Release|x64.Build.0 = Release|Any CPU
		{C85D1AB4-9A88-46BC-BC23-11D8D5F54140}.Release|x64.Deploy.0 = Release|Any CPU
		{C85D1AB4-9A88-46BC-BC23-11D8D5F54140}.Release|x86.ActiveCfg = Release|Any CPU
		{C85D1AB4-9A88-46BC-BC23-11D8D5F54140}.Release|x86.Build.0 = Release|Any CPU
		{C85D1AB4-9A88-46BC-BC23-11D8D5F54140}.Release|x86.Deploy.0 = Release|Any CPU
		{1E05C750-34F7-46A1-BCEF-BDB90954BCEC}.Debug|Any CPU.ActiveCfg = Debug|iPhoneSimulator
		{1E05C750-34F7-46A1-BCEF-BDB90954BCEC}.Debug|Any CPU.Build.0 = Debug|iPhoneSimulator
		{1E05C750-34F7-46A1-BCEF-BDB90954BCEC}.Debug|Any CPU.Deploy.0 = Debug|iPhoneSimulator
		{1E05C750-34F7-46A1-BCEF-BDB90954BCEC}.Debug|ARM.ActiveCfg = Debug|iPhoneSimulator
		{1E05C750-34F7-46A1-BCEF-BDB90954BCEC}.Debug|ARM.Build.0 = Debug|iPhoneSimulator
		{1E05C750-34F7-46A1-BCEF-BDB90954BCEC}.Debug|ARM.Deploy.0 = Debug|iPhoneSimulator
		{1E05C750-34F7-46A1-BCEF-BDB90954BCEC}.Debug|iPhone.ActiveCfg = Debug|iPhone
		{1E05C750-34F7-46A1-BCEF-BDB90954BCEC}.Debug|iPhone.Build.0 = Debug|iPhone
		{1E05C750-34F7-46A1-BCEF-BDB90954BCEC}.Debug|iPhone.Deploy.0 = Debug|iPhone
		{1E05C750-34F7-46A1-BCEF-BDB90954BCEC}.Debug|iPhoneSimulator.ActiveCfg = Debug|iPhoneSimulator
		{1E05C750-34F7-46A1-BCEF-BDB90954BCEC}.Debug|iPhoneSimulator.Build.0 = Debug|iPhoneSimulator
		{1E05C750-34F7-46A1-BCEF-BDB90954BCEC}.Debug|iPhoneSimulator.Deploy.0 = Debug|iPhoneSimulator
		{1E05C750-34F7-46A1-BCEF-BDB90954BCEC}.Debug|x64.ActiveCfg = Debug|iPhone
		{1E05C750-34F7-46A1-BCEF-BDB90954BCEC}.Debug|x64.Build.0 = Debug|iPhone
		{1E05C750-34F7-46A1-BCEF-BDB90954BCEC}.Debug|x64.Deploy.0 = Debug|iPhone
		{1E05C750-34F7-46A1-BCEF-BDB90954BCEC}.Debug|x86.ActiveCfg = Debug|iPhoneSimulator
		{1E05C750-34F7-46A1-BCEF-BDB90954BCEC}.Debug|x86.Build.0 = Debug|iPhoneSimulator
		{1E05C750-34F7-46A1-BCEF-BDB90954BCEC}.Debug|x86.Deploy.0 = Debug|iPhoneSimulator
		{1E05C750-34F7-46A1-BCEF-BDB90954BCEC}.Release|Any CPU.ActiveCfg = Release|iPhoneSimulator
		{1E05C750-34F7-46A1-BCEF-BDB90954BCEC}.Release|Any CPU.Build.0 = Release|iPhoneSimulator
		{1E05C750-34F7-46A1-BCEF-BDB90954BCEC}.Release|Any CPU.Deploy.0 = Release|iPhoneSimulator
		{1E05C750-34F7-46A1-BCEF-BDB90954BCEC}.Release|ARM.ActiveCfg = Release|iPhoneSimulator
		{1E05C750-34F7-46A1-BCEF-BDB90954BCEC}.Release|ARM.Build.0 = Release|iPhoneSimulator
		{1E05C750-34F7-46A1-BCEF-BDB90954BCEC}.Release|ARM.Deploy.0 = Release|iPhoneSimulator
		{1E05C750-34F7-46A1-BCEF-BDB90954BCEC}.Release|iPhone.ActiveCfg = Release|iPhone
		{1E05C750-34F7-46A1-BCEF-BDB90954BCEC}.Release|iPhone.Build.0 = Release|iPhone
		{1E05C750-34F7-46A1-BCEF-BDB90954BCEC}.Release|iPhone.Deploy.0 = Release|iPhone
		{1E05C750-34F7-46A1-BCEF-BDB90954BCEC}.Release|iPhoneSimulator.ActiveCfg = Release|iPhoneSimulator
		{1E05C750-34F7-46A1-BCEF-BDB90954BCEC}.Release|iPhoneSimulator.Build.0 = Release|iPhoneSimulator
		{1E05C750-34F7-46A1-BCEF-BDB90954BCEC}.Release|iPhoneSimulator.Deploy.0 = Release|iPhoneSimulator
		{1E05C750-34F7-46A1-BCEF-BDB90954BCEC}.Release|x64.ActiveCfg = Release|iPhoneSimulator
		{1E05C750-34F7-46A1-BCEF-BDB90954BCEC}.Release|x64.Build.0 = Release|iPhoneSimulator
		{1E05C750-34F7-46A1-BCEF-BDB90954BCEC}.Release|x64.Deploy.0 = Release|iPhoneSimulator
		{1E05C750-34F7-46A1-BCEF-BDB90954BCEC}.Release|x86.ActiveCfg = Release|iPhoneSimulator
		{1E05C750-34F7-46A1-BCEF-BDB90954BCEC}.Release|x86.Build.0 = Release|iPhoneSimulator
		{1E05C750-34F7-46A1-BCEF-BDB90954BCEC}.Release|x86.Deploy.0 = Release|iPhoneSimulator
		{B9582E8A-09D9-4256-9FCA-3329B36A27B9}.Debug|Any CPU.ActiveCfg = Debug|Any CPU
		{B9582E8A-09D9-4256-9FCA-3329B36A27B9}.Debug|Any CPU.Build.0 = Debug|Any CPU
		{B9582E8A-09D9-4256-9FCA-3329B36A27B9}.Debug|Any CPU.Deploy.0 = Debug|Any CPU
		{B9582E8A-09D9-4256-9FCA-3329B36A27B9}.Debug|ARM.ActiveCfg = Debug|Any CPU
		{B9582E8A-09D9-4256-9FCA-3329B36A27B9}.Debug|ARM.Build.0 = Debug|Any CPU
		{B9582E8A-09D9-4256-9FCA-3329B36A27B9}.Debug|ARM.Deploy.0 = Debug|Any CPU
		{B9582E8A-09D9-4256-9FCA-3329B36A27B9}.Debug|iPhone.ActiveCfg = Debug|Any CPU
		{B9582E8A-09D9-4256-9FCA-3329B36A27B9}.Debug|iPhone.Build.0 = Debug|Any CPU
		{B9582E8A-09D9-4256-9FCA-3329B36A27B9}.Debug|iPhone.Deploy.0 = Debug|Any CPU
		{B9582E8A-09D9-4256-9FCA-3329B36A27B9}.Debug|iPhoneSimulator.ActiveCfg = Debug|Any CPU
		{B9582E8A-09D9-4256-9FCA-3329B36A27B9}.Debug|iPhoneSimulator.Build.0 = Debug|Any CPU
		{B9582E8A-09D9-4256-9FCA-3329B36A27B9}.Debug|iPhoneSimulator.Deploy.0 = Debug|Any CPU
		{B9582E8A-09D9-4256-9FCA-3329B36A27B9}.Debug|x64.ActiveCfg = Debug|Any CPU
		{B9582E8A-09D9-4256-9FCA-3329B36A27B9}.Debug|x64.Build.0 = Debug|Any CPU
		{B9582E8A-09D9-4256-9FCA-3329B36A27B9}.Debug|x64.Deploy.0 = Debug|Any CPU
		{B9582E8A-09D9-4256-9FCA-3329B36A27B9}.Debug|x86.ActiveCfg = Debug|Any CPU
		{B9582E8A-09D9-4256-9FCA-3329B36A27B9}.Debug|x86.Build.0 = Debug|Any CPU
		{B9582E8A-09D9-4256-9FCA-3329B36A27B9}.Debug|x86.Deploy.0 = Debug|Any CPU
		{B9582E8A-09D9-4256-9FCA-3329B36A27B9}.Release|Any CPU.ActiveCfg = Release|Any CPU
		{B9582E8A-09D9-4256-9FCA-3329B36A27B9}.Release|Any CPU.Build.0 = Release|Any CPU
		{B9582E8A-09D9-4256-9FCA-3329B36A27B9}.Release|Any CPU.Deploy.0 = Release|Any CPU
		{B9582E8A-09D9-4256-9FCA-3329B36A27B9}.Release|ARM.ActiveCfg = Release|Any CPU
		{B9582E8A-09D9-4256-9FCA-3329B36A27B9}.Release|ARM.Build.0 = Release|Any CPU
		{B9582E8A-09D9-4256-9FCA-3329B36A27B9}.Release|ARM.Deploy.0 = Release|Any CPU
		{B9582E8A-09D9-4256-9FCA-3329B36A27B9}.Release|iPhone.ActiveCfg = Release|Any CPU
		{B9582E8A-09D9-4256-9FCA-3329B36A27B9}.Release|iPhone.Build.0 = Release|Any CPU
		{B9582E8A-09D9-4256-9FCA-3329B36A27B9}.Release|iPhone.Deploy.0 = Release|Any CPU
		{B9582E8A-09D9-4256-9FCA-3329B36A27B9}.Release|iPhoneSimulator.ActiveCfg = Release|Any CPU
		{B9582E8A-09D9-4256-9FCA-3329B36A27B9}.Release|iPhoneSimulator.Build.0 = Release|Any CPU
		{B9582E8A-09D9-4256-9FCA-3329B36A27B9}.Release|iPhoneSimulator.Deploy.0 = Release|Any CPU
		{B9582E8A-09D9-4256-9FCA-3329B36A27B9}.Release|x64.ActiveCfg = Release|Any CPU
		{B9582E8A-09D9-4256-9FCA-3329B36A27B9}.Release|x64.Build.0 = Release|Any CPU
		{B9582E8A-09D9-4256-9FCA-3329B36A27B9}.Release|x64.Deploy.0 = Release|Any CPU
		{B9582E8A-09D9-4256-9FCA-3329B36A27B9}.Release|x86.ActiveCfg = Release|Any CPU
		{B9582E8A-09D9-4256-9FCA-3329B36A27B9}.Release|x86.Build.0 = Release|Any CPU
		{B9582E8A-09D9-4256-9FCA-3329B36A27B9}.Release|x86.Deploy.0 = Release|Any CPU
	EndGlobalSection
	GlobalSection(SolutionProperties) = preSolution
		HideSolutionNode = FALSE
	EndGlobalSection
	GlobalSection(ExtensibilityGlobals) = postSolution
		SolutionGuid = {EC3FB497-EEA0-405A-B5D8-F73A37141069}
	EndGlobalSection
EndGlobal
